
Microsoft Visual Studio Solution File, Format Version 12.00
# Visual Studio Version 16
VisualStudioVersion = 16.0.28803.352
MinimumVisualStudioVersion = 10.0.40219.1
Project("{9A19103F-16F7-4668-BE54-9A1E7A4F7556}") = "Web", "Web\Web.csproj", "{77DC9981-B4C4-4C44-B0BA-09A647F25D52}"
EndProject
Project("{2150E333-8FDC-42A3-9474-1A3956D46DE8}") = "Solution Items", "Solution Items", "{84620691-301D-448B-B65F-E7CB738B35E8}"
	ProjectSection(SolutionItems) = preProject
		.gitignore = .gitignore
		autofac.md = autofac.md
		CodeGenerate.json = CodeGenerate.json
		nlog.md = nlog.md
		README.md = README.md
		spa.md = spa.md
	EndProjectSection
EndProject
Project("{9A19103F-16F7-4668-BE54-9A1E7A4F7556}") = "ApplicationCore", "ApplicationCore\ApplicationCore.csproj", "{64BE680E-5170-4D39-BF92-7DAF9A5C9446}"
EndProject
Project("{9A19103F-16F7-4668-BE54-9A1E7A4F7556}") = "Infrastructure", "Infrastructure\Infrastructure.csproj", "{8C372511-4AA1-4E7B-A081-7F466E5DED3A}"
EndProject
Project("{9A19103F-16F7-4668-BE54-9A1E7A4F7556}") = "Service", "Service\Service.csproj", "{B1E8B261-B2F0-421A-AD1F-062F6EAF0FEF}"
EndProject
Global
	GlobalSection(SolutionConfigurationPlatforms) = preSolution
		Debug|Any CPU = Debug|Any CPU
		Release|Any CPU = Release|Any CPU
	EndGlobalSection
	GlobalSection(ProjectConfigurationPlatforms) = postSolution
		{77DC9981-B4C4-4C44-B0BA-09A647F25D52}.Debug|Any CPU.ActiveCfg = Debug|Any CPU
		{77DC9981-B4C4-4C44-B0BA-09A647F25D52}.Debug|Any CPU.Build.0 = Debug|Any CPU
		{77DC9981-B4C4-4C44-B0BA-09A647F25D52}.Release|Any CPU.ActiveCfg = Release|Any CPU
		{77DC9981-B4C4-4C44-B0BA-09A647F25D52}.Release|Any CPU.Build.0 = Release|Any CPU
		{64BE680E-5170-4D39-BF92-7DAF9A5C9446}.Debug|Any CPU.ActiveCfg = Debug|Any CPU
		{64BE680E-5170-4D39-BF92-7DAF9A5C9446}.Debug|Any CPU.Build.0 = Debug|Any CPU
		{64BE680E-5170-4D39-BF92-7DAF9A5C9446}.Release|Any CPU.ActiveCfg = Release|Any CPU
		{64BE680E-5170-4D39-BF92-7DAF9A5C9446}.Release|Any CPU.Build.0 = Release|Any CPU
		{8C372511-4AA1-4E7B-A081-7F466E5DED3A}.Debug|Any CPU.ActiveCfg = Debug|Any CPU
		{8C372511-4AA1-4E7B-A081-7F466E5DED3A}.Debug|Any CPU.Build.0 = Debug|Any CPU
		{8C372511-4AA1-4E7B-A081-7F466E5DED3A}.Release|Any CPU.ActiveCfg = Release|Any CPU
		{8C372511-4AA1-4E7B-A081-7F466E5DED3A}.Release|Any CPU.Build.0 = Release|Any CPU
		{B1E8B261-B2F0-421A-AD1F-062F6EAF0FEF}.Debug|Any CPU.ActiveCfg = Debug|Any CPU
		{B1E8B261-B2F0-421A-AD1F-062F6EAF0FEF}.Debug|Any CPU.Build.0 = Debug|Any CPU
		{B1E8B261-B2F0-421A-AD1F-062F6EAF0FEF}.Release|Any CPU.ActiveCfg = Release|Any CPU
		{B1E8B261-B2F0-421A-AD1F-062F6EAF0FEF}.Release|Any CPU.Build.0 = Release|Any CPU
	EndGlobalSection
	GlobalSection(SolutionProperties) = preSolution
		HideSolutionNode = FALSE
	EndGlobalSection
	GlobalSection(ExtensibilityGlobals) = postSolution
		SolutionGuid = {812541AA-DEA7-4F89-8FF5-FF77920406EA}
	EndGlobalSection
EndGlobal
