
Microsoft Visual Studio Solution File, Format Version 12.00
# Visual Studio Version 16
VisualStudioVersion = 16.0.28803.352
MinimumVisualStudioVersion = 10.0.40219.1
Project("{9A19103F-16F7-4668-BE54-9A1E7A4F7556}") = "Web", "Web\Web.csproj", "{77DC9981-B4C4-4C44-B0BA-09A647F25D52}"
EndProject
Project("{2150E333-8FDC-42A3-9474-1A3956D46DE8}") = "Solution Items", "Solution Items", "{84620691-301D-448B-B65F-E7CB738B35E8}"
	ProjectSection(SolutionItems) = preProject
		autofac.md = autofac.md
		nlog.md = nlog.md
		README.md = README.md
	EndProjectSection
EndProject
Project("{9A19103F-16F7-4668-BE54-9A1E7A4F7556}") = "XUnitTestProject1", "XUnitTestProject1\XUnitTestProject1.csproj", "{D2E298A0-9AF1-4BB9-A0B0-E7EC3399806A}"
EndProject
Project("{9A19103F-16F7-4668-BE54-9A1E7A4F7556}") = "ApplicationCore", "ApplicationCore\ApplicationCore.csproj", "{64BE680E-5170-4D39-BF92-7DAF9A5C9446}"
EndProject
Project("{9A19103F-16F7-4668-BE54-9A1E7A4F7556}") = "DAL", "DAL\DAL.csproj", "{58241BAB-74ED-445F-B4EF-9032CEE18D15}"
EndProject
Project("{9A19103F-16F7-4668-BE54-9A1E7A4F7556}") = "Utility", "Utility\Utility.csproj", "{DC77E247-EAD9-44AE-ACCC-386BA370E6D9}"
EndProject
Project("{2150E333-8FDC-42A3-9474-1A3956D46DE8}") = "Test", "Test", "{03BCE4F3-8A4A-4AF2-819B-A6ABF9B07348}"
EndProject
Project("{9A19103F-16F7-4668-BE54-9A1E7A4F7556}") = "DALTest", "DALTest\DALTest.csproj", "{5CFCC734-6C90-4104-81DF-CE1D1038F0DF}"
EndProject
Project("{9A19103F-16F7-4668-BE54-9A1E7A4F7556}") = "CommonAbstract", "CommonAbstract\CommonAbstract.csproj", "{5D6FE956-1BCD-4D74-B0C3-D5DA51309CA3}"
EndProject
Project("{9A19103F-16F7-4668-BE54-9A1E7A4F7556}") = "WebTest", "WebTest\WebTest.csproj", "{FBE95146-1BEB-4F41-990D-CDF03ABAFB53}"
EndProject
Global
	GlobalSection(SolutionConfigurationPlatforms) = preSolution
		Debug|Any CPU = Debug|Any CPU
		Release|Any CPU = Release|Any CPU
	EndGlobalSection
	GlobalSection(ProjectConfigurationPlatforms) = postSolution
		{77DC9981-B4C4-4C44-B0BA-09A647F25D52}.Debug|Any CPU.ActiveCfg = Debug|Any CPU
		{77DC9981-B4C4-4C44-B0BA-09A647F25D52}.Debug|Any CPU.Build.0 = Debug|Any CPU
		{77DC9981-B4C4-4C44-B0BA-09A647F25D52}.Release|Any CPU.ActiveCfg = Release|Any CPU
		{77DC9981-B4C4-4C44-B0BA-09A647F25D52}.Release|Any CPU.Build.0 = Release|Any CPU
		{D2E298A0-9AF1-4BB9-A0B0-E7EC3399806A}.Debug|Any CPU.ActiveCfg = Debug|Any CPU
		{D2E298A0-9AF1-4BB9-A0B0-E7EC3399806A}.Debug|Any CPU.Build.0 = Debug|Any CPU
		{D2E298A0-9AF1-4BB9-A0B0-E7EC3399806A}.Release|Any CPU.ActiveCfg = Release|Any CPU
		{D2E298A0-9AF1-4BB9-A0B0-E7EC3399806A}.Release|Any CPU.Build.0 = Release|Any CPU
		{64BE680E-5170-4D39-BF92-7DAF9A5C9446}.Debug|Any CPU.ActiveCfg = Debug|Any CPU
		{64BE680E-5170-4D39-BF92-7DAF9A5C9446}.Debug|Any CPU.Build.0 = Debug|Any CPU
		{64BE680E-5170-4D39-BF92-7DAF9A5C9446}.Release|Any CPU.ActiveCfg = Release|Any CPU
		{64BE680E-5170-4D39-BF92-7DAF9A5C9446}.Release|Any CPU.Build.0 = Release|Any CPU
		{58241BAB-74ED-445F-B4EF-9032CEE18D15}.Debug|Any CPU.ActiveCfg = Debug|Any CPU
		{58241BAB-74ED-445F-B4EF-9032CEE18D15}.Debug|Any CPU.Build.0 = Debug|Any CPU
		{58241BAB-74ED-445F-B4EF-9032CEE18D15}.Release|Any CPU.ActiveCfg = Release|Any CPU
		{58241BAB-74ED-445F-B4EF-9032CEE18D15}.Release|Any CPU.Build.0 = Release|Any CPU
		{DC77E247-EAD9-44AE-ACCC-386BA370E6D9}.Debug|Any CPU.ActiveCfg = Debug|Any CPU
		{DC77E247-EAD9-44AE-ACCC-386BA370E6D9}.Debug|Any CPU.Build.0 = Debug|Any CPU
		{DC77E247-EAD9-44AE-ACCC-386BA370E6D9}.Release|Any CPU.ActiveCfg = Release|Any CPU
		{DC77E247-EAD9-44AE-ACCC-386BA370E6D9}.Release|Any CPU.Build.0 = Release|Any CPU
		{5CFCC734-6C90-4104-81DF-CE1D1038F0DF}.Debug|Any CPU.ActiveCfg = Debug|Any CPU
		{5CFCC734-6C90-4104-81DF-CE1D1038F0DF}.Debug|Any CPU.Build.0 = Debug|Any CPU
		{5CFCC734-6C90-4104-81DF-CE1D1038F0DF}.Release|Any CPU.ActiveCfg = Release|Any CPU
		{5CFCC734-6C90-4104-81DF-CE1D1038F0DF}.Release|Any CPU.Build.0 = Release|Any CPU
		{5D6FE956-1BCD-4D74-B0C3-D5DA51309CA3}.Debug|Any CPU.ActiveCfg = Debug|Any CPU
		{5D6FE956-1BCD-4D74-B0C3-D5DA51309CA3}.Debug|Any CPU.Build.0 = Debug|Any CPU
		{5D6FE956-1BCD-4D74-B0C3-D5DA51309CA3}.Release|Any CPU.ActiveCfg = Release|Any CPU
		{5D6FE956-1BCD-4D74-B0C3-D5DA51309CA3}.Release|Any CPU.Build.0 = Release|Any CPU
		{FBE95146-1BEB-4F41-990D-CDF03ABAFB53}.Debug|Any CPU.ActiveCfg = Debug|Any CPU
		{FBE95146-1BEB-4F41-990D-CDF03ABAFB53}.Debug|Any CPU.Build.0 = Debug|Any CPU
		{FBE95146-1BEB-4F41-990D-CDF03ABAFB53}.Release|Any CPU.ActiveCfg = Release|Any CPU
		{FBE95146-1BEB-4F41-990D-CDF03ABAFB53}.Release|Any CPU.Build.0 = Release|Any CPU
	EndGlobalSection
	GlobalSection(SolutionProperties) = preSolution
		HideSolutionNode = FALSE
	EndGlobalSection
	GlobalSection(NestedProjects) = preSolution
		{5CFCC734-6C90-4104-81DF-CE1D1038F0DF} = {03BCE4F3-8A4A-4AF2-819B-A6ABF9B07348}
		{FBE95146-1BEB-4F41-990D-CDF03ABAFB53} = {03BCE4F3-8A4A-4AF2-819B-A6ABF9B07348}
	EndGlobalSection
	GlobalSection(ExtensibilityGlobals) = postSolution
		SolutionGuid = {812541AA-DEA7-4F89-8FF5-FF77920406EA}
	EndGlobalSection
EndGlobal
